
Microsoft Visual Studio Solution File, Format Version 12.00
# Visual Studio Version 16
VisualStudioVersion = 16.0.31729.503
MinimumVisualStudioVersion = 10.0.40219.1
Project("{FAE04EC0-301F-11D3-BF4B-00C04F79EFBC}") = "Butica_Andrei_Lab10.Android", "Butica_Andrei_Lab10.Android\Butica_Andrei_Lab10.Android.csproj", "{BE549C16-E461-4243-963C-2435FE3E880F}"
EndProject
Project("{FAE04EC0-301F-11D3-BF4B-00C04F79EFBC}") = "Butica_Andrei_Lab10.iOS", "Butica_Andrei_Lab10.iOS\Butica_Andrei_Lab10.iOS.csproj", "{9924E656-133D-48E5-AD3B-3838FDE6E9D6}"
EndProject
Project("{FAE04EC0-301F-11D3-BF4B-00C04F79EFBC}") = "Butica_Andrei_Lab10", "Butica_Andrei_Lab10\Butica_Andrei_Lab10.csproj", "{12EEFDF8-3D37-4ACF-AD08-136CC8822E6D}"
EndProject
Global
	GlobalSection(SolutionConfigurationPlatforms) = preSolution
		Debug|Any CPU = Debug|Any CPU
		Debug|iPhone = Debug|iPhone
		Debug|iPhoneSimulator = Debug|iPhoneSimulator
		Release|Any CPU = Release|Any CPU
		Release|iPhone = Release|iPhone
		Release|iPhoneSimulator = Release|iPhoneSimulator
	EndGlobalSection
	GlobalSection(ProjectConfigurationPlatforms) = postSolution
		{BE549C16-E461-4243-963C-2435FE3E880F}.Debug|Any CPU.ActiveCfg = Debug|Any CPU
		{BE549C16-E461-4243-963C-2435FE3E880F}.Debug|Any CPU.Build.0 = Debug|Any CPU
		{BE549C16-E461-4243-963C-2435FE3E880F}.Debug|Any CPU.Deploy.0 = Debug|Any CPU
		{BE549C16-E461-4243-963C-2435FE3E880F}.Debug|iPhone.ActiveCfg = Debug|Any CPU
		{BE549C16-E461-4243-963C-2435FE3E880F}.Debug|iPhone.Build.0 = Debug|Any CPU
		{BE549C16-E461-4243-963C-2435FE3E880F}.Debug|iPhone.Deploy.0 = Debug|Any CPU
		{BE549C16-E461-4243-963C-2435FE3E880F}.Debug|iPhoneSimulator.ActiveCfg = Debug|Any CPU
		{BE549C16-E461-4243-963C-2435FE3E880F}.Debug|iPhoneSimulator.Build.0 = Debug|Any CPU
		{BE549C16-E461-4243-963C-2435FE3E880F}.Debug|iPhoneSimulator.Deploy.0 = Debug|Any CPU
		{BE549C16-E461-4243-963C-2435FE3E880F}.Release|Any CPU.ActiveCfg = Release|Any CPU
		{BE549C16-E461-4243-963C-2435FE3E880F}.Release|Any CPU.Build.0 = Release|Any CPU
		{BE549C16-E461-4243-963C-2435FE3E880F}.Release|Any CPU.Deploy.0 = Release|Any CPU
		{BE549C16-E461-4243-963C-2435FE3E880F}.Release|iPhone.ActiveCfg = Release|Any CPU
		{BE549C16-E461-4243-963C-2435FE3E880F}.Release|iPhone.Build.0 = Release|Any CPU
		{BE549C16-E461-4243-963C-2435FE3E880F}.Release|iPhone.Deploy.0 = Release|Any CPU
		{BE549C16-E461-4243-963C-2435FE3E880F}.Release|iPhoneSimulator.ActiveCfg = Release|Any CPU
		{BE549C16-E461-4243-963C-2435FE3E880F}.Release|iPhoneSimulator.Build.0 = Release|Any CPU
		{BE549C16-E461-4243-963C-2435FE3E880F}.Release|iPhoneSimulator.Deploy.0 = Release|Any CPU
		{9924E656-133D-48E5-AD3B-3838FDE6E9D6}.Debug|Any CPU.ActiveCfg = Debug|iPhone
		{9924E656-133D-48E5-AD3B-3838FDE6E9D6}.Debug|Any CPU.Build.0 = Debug|iPhone
		{9924E656-133D-48E5-AD3B-3838FDE6E9D6}.Debug|Any CPU.Deploy.0 = Debug|iPhone
		{9924E656-133D-48E5-AD3B-3838FDE6E9D6}.Debug|iPhone.ActiveCfg = Debug|iPhone
		{9924E656-133D-48E5-AD3B-3838FDE6E9D6}.Debug|iPhone.Build.0 = Debug|iPhone
		{9924E656-133D-48E5-AD3B-3838FDE6E9D6}.Debug|iPhone.Deploy.0 = Debug|iPhone
		{9924E656-133D-48E5-AD3B-3838FDE6E9D6}.Debug|iPhoneSimulator.ActiveCfg = Debug|iPhoneSimulator
		{9924E656-133D-48E5-AD3B-3838FDE6E9D6}.Debug|iPhoneSimulator.Build.0 = Debug|iPhoneSimulator
		{9924E656-133D-48E5-AD3B-3838FDE6E9D6}.Debug|iPhoneSimulator.Deploy.0 = Debug|iPhoneSimulator
		{9924E656-133D-48E5-AD3B-3838FDE6E9D6}.Release|Any CPU.ActiveCfg = Release|iPhoneSimulator
		{9924E656-133D-48E5-AD3B-3838FDE6E9D6}.Release|Any CPU.Build.0 = Release|iPhoneSimulator
		{9924E656-133D-48E5-AD3B-3838FDE6E9D6}.Release|Any CPU.Deploy.0 = Release|iPhoneSimulator
		{9924E656-133D-48E5-AD3B-3838FDE6E9D6}.Release|iPhone.ActiveCfg = Release|iPhone
		{9924E656-133D-48E5-AD3B-3838FDE6E9D6}.Release|iPhone.Build.0 = Release|iPhone
		{9924E656-133D-48E5-AD3B-3838FDE6E9D6}.Release|iPhone.Deploy.0 = Release|iPhone
		{9924E656-133D-48E5-AD3B-3838FDE6E9D6}.Release|iPhoneSimulator.ActiveCfg = Release|iPhoneSimulator
		{9924E656-133D-48E5-AD3B-3838FDE6E9D6}.Release|iPhoneSimulator.Build.0 = Release|iPhoneSimulator
		{9924E656-133D-48E5-AD3B-3838FDE6E9D6}.Release|iPhoneSimulator.Deploy.0 = Release|iPhoneSimulator
		{12EEFDF8-3D37-4ACF-AD08-136CC8822E6D}.Debug|Any CPU.ActiveCfg = Debug|Any CPU
		{12EEFDF8-3D37-4ACF-AD08-136CC8822E6D}.Debug|Any CPU.Build.0 = Debug|Any CPU
		{12EEFDF8-3D37-4ACF-AD08-136CC8822E6D}.Debug|Any CPU.Deploy.0 = Debug|Any CPU
		{12EEFDF8-3D37-4ACF-AD08-136CC8822E6D}.Debug|iPhone.ActiveCfg = Debug|Any CPU
		{12EEFDF8-3D37-4ACF-AD08-136CC8822E6D}.Debug|iPhone.Build.0 = Debug|Any CPU
		{12EEFDF8-3D37-4ACF-AD08-136CC8822E6D}.Debug|iPhone.Deploy.0 = Debug|Any CPU
		{12EEFDF8-3D37-4ACF-AD08-136CC8822E6D}.Debug|iPhoneSimulator.ActiveCfg = Debug|Any CPU
		{12EEFDF8-3D37-4ACF-AD08-136CC8822E6D}.Debug|iPhoneSimulator.Build.0 = Debug|Any CPU
		{12EEFDF8-3D37-4ACF-AD08-136CC8822E6D}.Debug|iPhoneSimulator.Deploy.0 = Debug|Any CPU
		{12EEFDF8-3D37-4ACF-AD08-136CC8822E6D}.Release|Any CPU.ActiveCfg = Release|Any CPU
		{12EEFDF8-3D37-4ACF-AD08-136CC8822E6D}.Release|Any CPU.Build.0 = Release|Any CPU
		{12EEFDF8-3D37-4ACF-AD08-136CC8822E6D}.Release|Any CPU.Deploy.0 = Release|Any CPU
		{12EEFDF8-3D37-4ACF-AD08-136CC8822E6D}.Release|iPhone.ActiveCfg = Release|Any CPU
		{12EEFDF8-3D37-4ACF-AD08-136CC8822E6D}.Release|iPhone.Build.0 = Release|Any CPU
		{12EEFDF8-3D37-4ACF-AD08-136CC8822E6D}.Release|iPhone.Deploy.0 = Release|Any CPU
		{12EEFDF8-3D37-4ACF-AD08-136CC8822E6D}.Release|iPhoneSimulator.ActiveCfg = Release|Any CPU
		{12EEFDF8-3D37-4ACF-AD08-136CC8822E6D}.Release|iPhoneSimulator.Build.0 = Release|Any CPU
		{12EEFDF8-3D37-4ACF-AD08-136CC8822E6D}.Release|iPhoneSimulator.Deploy.0 = Release|Any CPU
	EndGlobalSection
	GlobalSection(SolutionProperties) = preSolution
		HideSolutionNode = FALSE
	EndGlobalSection
	GlobalSection(ExtensibilityGlobals) = postSolution
		SolutionGuid = {781B1584-5899-451C-88BA-FDF65F6C4BF3}
	EndGlobalSection
EndGlobal
